
Microsoft Visual Studio Solution File, Format Version 12.00
# Visual Studio Version 17
VisualStudioVersion = 17.4.33205.214
MinimumVisualStudioVersion = 10.0.40219.1
Project("{9A19103F-16F7-4668-BE54-9A1E7A4F7556}") = "SkillCheck", "SkillCheck\SkillCheck.csproj", "{C574C186-1CDA-4DCF-B60B-88A430A2A453}"
EndProject
Project("{2150E333-8FDC-42A3-9474-1A3956D46DE8}") = "APIs", "APIs", "{F8108B16-5D4A-4660-A067-CFB7D037B48E}"
EndProject
Project("{2150E333-8FDC-42A3-9474-1A3956D46DE8}") = "Business", "Business", "{B195E485-C97D-4DE6-932D-0AA1011D6E2B}"
EndProject
Project("{2150E333-8FDC-42A3-9474-1A3956D46DE8}") = "Repository", "Repository", "{B7E9963D-5DA6-47A2-8C2D-D23CD8D49C3D}"
EndProject
Project("{9A19103F-16F7-4668-BE54-9A1E7A4F7556}") = "SkillCheck-BE-BusinessServices-Audits", "SkillCheck-BE-BusinessServices-Audits\SkillCheck-BE-BusinessServices-Audits.csproj", "{F5A65C9F-042E-4D7A-9B32-678CA4A3F668}"
EndProject
Project("{9A19103F-16F7-4668-BE54-9A1E7A4F7556}") = "SkillCheck_BE_DataRepository_Audits", "SkillCheck-BE-DataRepository-Audits\SkillCheck_BE_DataRepository_Audits.csproj", "{748A9A16-E9B6-4A8D-AACD-6925E97838DC}"
EndProject
Project("{2150E333-8FDC-42A3-9474-1A3956D46DE8}") = "Domain", "Domain", "{E2080506-ED5C-479F-8B9C-13CC2C4A4A87}"
EndProject
Project("{2150E333-8FDC-42A3-9474-1A3956D46DE8}") = "DTO", "DTO", "{DA90E6BB-6D07-4F91-A80C-82F7C8577CB5}"
EndProject
Project("{2150E333-8FDC-42A3-9474-1A3956D46DE8}") = "Entities", "Entities", "{9305073D-4E07-4DEC-A75F-913249A83875}"
EndProject
Project("{9A19103F-16F7-4668-BE54-9A1E7A4F7556}") = "SkillCheck-BE-DTOs-Audits", "SkillCheck-BE-DTOs-Audits\SkillCheck-BE-DTOs-Audits.csproj", "{F88BB446-69BC-42FB-A4B0-1BB6ACE61929}"
EndProject
Project("{9A19103F-16F7-4668-BE54-9A1E7A4F7556}") = "SkillCheck_BE-Entities-Audits", "SkillCheck_BE-Entities-Audits\SkillCheck_BE-Entities-Audits.csproj", "{273957E8-A002-47BE-8E74-DAFB31364488}"
EndProject
Global
	GlobalSection(SolutionConfigurationPlatforms) = preSolution
		Debug|Any CPU = Debug|Any CPU
		Release|Any CPU = Release|Any CPU
	EndGlobalSection
	GlobalSection(ProjectConfigurationPlatforms) = postSolution
		{C574C186-1CDA-4DCF-B60B-88A430A2A453}.Debug|Any CPU.ActiveCfg = Debug|Any CPU
		{C574C186-1CDA-4DCF-B60B-88A430A2A453}.Debug|Any CPU.Build.0 = Debug|Any CPU
		{C574C186-1CDA-4DCF-B60B-88A430A2A453}.Release|Any CPU.ActiveCfg = Release|Any CPU
		{C574C186-1CDA-4DCF-B60B-88A430A2A453}.Release|Any CPU.Build.0 = Release|Any CPU
		{F5A65C9F-042E-4D7A-9B32-678CA4A3F668}.Debug|Any CPU.ActiveCfg = Debug|Any CPU
		{F5A65C9F-042E-4D7A-9B32-678CA4A3F668}.Debug|Any CPU.Build.0 = Debug|Any CPU
		{F5A65C9F-042E-4D7A-9B32-678CA4A3F668}.Release|Any CPU.ActiveCfg = Release|Any CPU
		{F5A65C9F-042E-4D7A-9B32-678CA4A3F668}.Release|Any CPU.Build.0 = Release|Any CPU
		{748A9A16-E9B6-4A8D-AACD-6925E97838DC}.Debug|Any CPU.ActiveCfg = Debug|Any CPU
		{748A9A16-E9B6-4A8D-AACD-6925E97838DC}.Debug|Any CPU.Build.0 = Debug|Any CPU
		{748A9A16-E9B6-4A8D-AACD-6925E97838DC}.Release|Any CPU.ActiveCfg = Release|Any CPU
		{748A9A16-E9B6-4A8D-AACD-6925E97838DC}.Release|Any CPU.Build.0 = Release|Any CPU
		{F88BB446-69BC-42FB-A4B0-1BB6ACE61929}.Debug|Any CPU.ActiveCfg = Debug|Any CPU
		{F88BB446-69BC-42FB-A4B0-1BB6ACE61929}.Debug|Any CPU.Build.0 = Debug|Any CPU
		{F88BB446-69BC-42FB-A4B0-1BB6ACE61929}.Release|Any CPU.ActiveCfg = Release|Any CPU
		{F88BB446-69BC-42FB-A4B0-1BB6ACE61929}.Release|Any CPU.Build.0 = Release|Any CPU
		{273957E8-A002-47BE-8E74-DAFB31364488}.Debug|Any CPU.ActiveCfg = Debug|Any CPU
		{273957E8-A002-47BE-8E74-DAFB31364488}.Debug|Any CPU.Build.0 = Debug|Any CPU
		{273957E8-A002-47BE-8E74-DAFB31364488}.Release|Any CPU.ActiveCfg = Release|Any CPU
		{273957E8-A002-47BE-8E74-DAFB31364488}.Release|Any CPU.Build.0 = Release|Any CPU
	EndGlobalSection
	GlobalSection(SolutionProperties) = preSolution
		HideSolutionNode = FALSE
	EndGlobalSection
	GlobalSection(NestedProjects) = preSolution
		{C574C186-1CDA-4DCF-B60B-88A430A2A453} = {F8108B16-5D4A-4660-A067-CFB7D037B48E}
		{F5A65C9F-042E-4D7A-9B32-678CA4A3F668} = {B195E485-C97D-4DE6-932D-0AA1011D6E2B}
		{748A9A16-E9B6-4A8D-AACD-6925E97838DC} = {B7E9963D-5DA6-47A2-8C2D-D23CD8D49C3D}
		{DA90E6BB-6D07-4F91-A80C-82F7C8577CB5} = {E2080506-ED5C-479F-8B9C-13CC2C4A4A87}
		{9305073D-4E07-4DEC-A75F-913249A83875} = {E2080506-ED5C-479F-8B9C-13CC2C4A4A87}
		{F88BB446-69BC-42FB-A4B0-1BB6ACE61929} = {DA90E6BB-6D07-4F91-A80C-82F7C8577CB5}
		{273957E8-A002-47BE-8E74-DAFB31364488} = {9305073D-4E07-4DEC-A75F-913249A83875}
	EndGlobalSection
	GlobalSection(ExtensibilityGlobals) = postSolution
		SolutionGuid = {6B89FC3D-68D1-4CAB-B469-8E1C9815B83F}
	EndGlobalSection
EndGlobal
